
Microsoft Visual Studio Solution File, Format Version 12.00
# Visual Studio 15
VisualStudioVersion = 15.0.26730.16
MinimumVisualStudioVersion = 10.0.40219.1
Project("{2150E333-8FDC-42A3-9474-1A3956D46DE8}") = "Engine", "Engine", "{916019BA-C7EF-4D4A-8928-CBCB13C1DF5F}"
EndProject
Project("{2150E333-8FDC-42A3-9474-1A3956D46DE8}") = "Games", "Games", "{50A7BCE1-5B2D-44CF-82CB-56D5EF899BCE}"
EndProject
Project("{8BC9CEB8-8B4A-11D0-8D11-00A0C91BC942}") = "UE4", "Intermediate\ProjectFiles\UE4.vcxproj", "{384EA99B-EAC3-4577-AB38-B3F5CBFCA7E3}"
EndProject
Project("{8BC9CEB8-8B4A-11D0-8D11-00A0C91BC942}") = "CardDealer", "Intermediate\ProjectFiles\CardDealer.vcxproj", "{459D7AE3-2B49-4188-9B79-C692D24B701F}"
EndProject
Global
	GlobalSection(SolutionConfigurationPlatforms) = preSolution
		DebugGame Editor|HTML5 = DebugGame Editor|HTML5
		DebugGame Editor|Win32 = DebugGame Editor|Win32
		DebugGame Editor|Win64 = DebugGame Editor|Win64
		DebugGame|HTML5 = DebugGame|HTML5
		DebugGame|Win32 = DebugGame|Win32
		DebugGame|Win64 = DebugGame|Win64
		Development Editor|HTML5 = Development Editor|HTML5
		Development Editor|Win32 = Development Editor|Win32
		Development Editor|Win64 = Development Editor|Win64
		Development|HTML5 = Development|HTML5
		Development|Win32 = Development|Win32
		Development|Win64 = Development|Win64
		Shipping|HTML5 = Shipping|HTML5
		Shipping|Win32 = Shipping|Win32
		Shipping|Win64 = Shipping|Win64
	EndGlobalSection
	GlobalSection(ProjectConfigurationPlatforms) = postSolution
		{384EA99B-EAC3-4577-AB38-B3F5CBFCA7E3}.DebugGame Editor|HTML5.ActiveCfg = BuiltWithUnrealBuildTool|Win32
		{384EA99B-EAC3-4577-AB38-B3F5CBFCA7E3}.DebugGame Editor|HTML5.Build.0 = BuiltWithUnrealBuildTool|Win32
		{384EA99B-EAC3-4577-AB38-B3F5CBFCA7E3}.DebugGame Editor|Win32.ActiveCfg = BuiltWithUnrealBuildTool|Win32
		{384EA99B-EAC3-4577-AB38-B3F5CBFCA7E3}.DebugGame Editor|Win32.Build.0 = BuiltWithUnrealBuildTool|Win32
		{384EA99B-EAC3-4577-AB38-B3F5CBFCA7E3}.DebugGame Editor|Win64.ActiveCfg = BuiltWithUnrealBuildTool|Win32
		{384EA99B-EAC3-4577-AB38-B3F5CBFCA7E3}.DebugGame Editor|Win64.Build.0 = BuiltWithUnrealBuildTool|Win32
		{384EA99B-EAC3-4577-AB38-B3F5CBFCA7E3}.DebugGame|HTML5.ActiveCfg = BuiltWithUnrealBuildTool|Win32
		{384EA99B-EAC3-4577-AB38-B3F5CBFCA7E3}.DebugGame|HTML5.Build.0 = BuiltWithUnrealBuildTool|Win32
		{384EA99B-EAC3-4577-AB38-B3F5CBFCA7E3}.DebugGame|Win32.ActiveCfg = BuiltWithUnrealBuildTool|Win32
		{384EA99B-EAC3-4577-AB38-B3F5CBFCA7E3}.DebugGame|Win32.Build.0 = BuiltWithUnrealBuildTool|Win32
		{384EA99B-EAC3-4577-AB38-B3F5CBFCA7E3}.DebugGame|Win64.ActiveCfg = BuiltWithUnrealBuildTool|Win32
		{384EA99B-EAC3-4577-AB38-B3F5CBFCA7E3}.DebugGame|Win64.Build.0 = BuiltWithUnrealBuildTool|Win32
		{384EA99B-EAC3-4577-AB38-B3F5CBFCA7E3}.Development Editor|HTML5.ActiveCfg = BuiltWithUnrealBuildTool|Win32
		{384EA99B-EAC3-4577-AB38-B3F5CBFCA7E3}.Development Editor|HTML5.Build.0 = BuiltWithUnrealBuildTool|Win32
		{384EA99B-EAC3-4577-AB38-B3F5CBFCA7E3}.Development Editor|Win32.ActiveCfg = BuiltWithUnrealBuildTool|Win32
		{384EA99B-EAC3-4577-AB38-B3F5CBFCA7E3}.Development Editor|Win32.Build.0 = BuiltWithUnrealBuildTool|Win32
		{384EA99B-EAC3-4577-AB38-B3F5CBFCA7E3}.Development Editor|Win64.ActiveCfg = BuiltWithUnrealBuildTool|Win32
		{384EA99B-EAC3-4577-AB38-B3F5CBFCA7E3}.Development Editor|Win64.Build.0 = BuiltWithUnrealBuildTool|Win32
		{384EA99B-EAC3-4577-AB38-B3F5CBFCA7E3}.Development|HTML5.ActiveCfg = BuiltWithUnrealBuildTool|Win32
		{384EA99B-EAC3-4577-AB38-B3F5CBFCA7E3}.Development|HTML5.Build.0 = BuiltWithUnrealBuildTool|Win32
		{384EA99B-EAC3-4577-AB38-B3F5CBFCA7E3}.Development|Win32.ActiveCfg = BuiltWithUnrealBuildTool|Win32
		{384EA99B-EAC3-4577-AB38-B3F5CBFCA7E3}.Development|Win32.Build.0 = BuiltWithUnrealBuildTool|Win32
		{384EA99B-EAC3-4577-AB38-B3F5CBFCA7E3}.Development|Win64.ActiveCfg = BuiltWithUnrealBuildTool|Win32
		{384EA99B-EAC3-4577-AB38-B3F5CBFCA7E3}.Development|Win64.Build.0 = BuiltWithUnrealBuildTool|Win32
		{384EA99B-EAC3-4577-AB38-B3F5CBFCA7E3}.Shipping|HTML5.ActiveCfg = BuiltWithUnrealBuildTool|Win32
		{384EA99B-EAC3-4577-AB38-B3F5CBFCA7E3}.Shipping|HTML5.Build.0 = BuiltWithUnrealBuildTool|Win32
		{384EA99B-EAC3-4577-AB38-B3F5CBFCA7E3}.Shipping|Win32.ActiveCfg = BuiltWithUnrealBuildTool|Win32
		{384EA99B-EAC3-4577-AB38-B3F5CBFCA7E3}.Shipping|Win32.Build.0 = BuiltWithUnrealBuildTool|Win32
		{384EA99B-EAC3-4577-AB38-B3F5CBFCA7E3}.Shipping|Win64.ActiveCfg = BuiltWithUnrealBuildTool|Win32
		{384EA99B-EAC3-4577-AB38-B3F5CBFCA7E3}.Shipping|Win64.Build.0 = BuiltWithUnrealBuildTool|Win32
		{459D7AE3-2B49-4188-9B79-C692D24B701F}.DebugGame Editor|HTML5.ActiveCfg = HTML5_DebugGame_Editor|Win32
		{459D7AE3-2B49-4188-9B79-C692D24B701F}.DebugGame Editor|Win32.ActiveCfg = DebugGame_Editor|Win32
		{459D7AE3-2B49-4188-9B79-C692D24B701F}.DebugGame Editor|Win64.ActiveCfg = DebugGame_Editor|x64
		{459D7AE3-2B49-4188-9B79-C692D24B701F}.DebugGame Editor|Win64.Build.0 = DebugGame_Editor|x64
		{459D7AE3-2B49-4188-9B79-C692D24B701F}.DebugGame|HTML5.ActiveCfg = HTML5_DebugGame_Game|Win32
		{459D7AE3-2B49-4188-9B79-C692D24B701F}.DebugGame|HTML5.Build.0 = HTML5_DebugGame_Game|Win32
		{459D7AE3-2B49-4188-9B79-C692D24B701F}.DebugGame|Win32.ActiveCfg = DebugGame_Game|Win32
		{459D7AE3-2B49-4188-9B79-C692D24B701F}.DebugGame|Win32.Build.0 = DebugGame_Game|Win32
		{459D7AE3-2B49-4188-9B79-C692D24B701F}.DebugGame|Win64.ActiveCfg = DebugGame_Game|x64
		{459D7AE3-2B49-4188-9B79-C692D24B701F}.DebugGame|Win64.Build.0 = DebugGame_Game|x64
		{459D7AE3-2B49-4188-9B79-C692D24B701F}.Development Editor|HTML5.ActiveCfg = HTML5_Development_Editor|Win32
		{459D7AE3-2B49-4188-9B79-C692D24B701F}.Development Editor|Win32.ActiveCfg = Development_Editor|Win32
		{459D7AE3-2B49-4188-9B79-C692D24B701F}.Development Editor|Win64.ActiveCfg = Development_Editor|x64
		{459D7AE3-2B49-4188-9B79-C692D24B701F}.Development Editor|Win64.Build.0 = Development_Editor|x64
		{459D7AE3-2B49-4188-9B79-C692D24B701F}.Development|HTML5.ActiveCfg = HTML5_Development_Game|Win32
		{459D7AE3-2B49-4188-9B79-C692D24B701F}.Development|HTML5.Build.0 = HTML5_Development_Game|Win32
		{459D7AE3-2B49-4188-9B79-C692D24B701F}.Development|Win32.ActiveCfg = Development_Game|Win32
		{459D7AE3-2B49-4188-9B79-C692D24B701F}.Development|Win32.Build.0 = Development_Game|Win32
		{459D7AE3-2B49-4188-9B79-C692D24B701F}.Development|Win64.ActiveCfg = Development_Game|x64
		{459D7AE3-2B49-4188-9B79-C692D24B701F}.Development|Win64.Build.0 = Development_Game|x64
		{459D7AE3-2B49-4188-9B79-C692D24B701F}.Shipping|HTML5.ActiveCfg = HTML5_Shipping_Game|Win32
		{459D7AE3-2B49-4188-9B79-C692D24B701F}.Shipping|HTML5.Build.0 = HTML5_Shipping_Game|Win32
		{459D7AE3-2B49-4188-9B79-C692D24B701F}.Shipping|Win32.ActiveCfg = Shipping_Game|Win32
		{459D7AE3-2B49-4188-9B79-C692D24B701F}.Shipping|Win32.Build.0 = Shipping_Game|Win32
		{459D7AE3-2B49-4188-9B79-C692D24B701F}.Shipping|Win64.ActiveCfg = Shipping_Game|x64
		{459D7AE3-2B49-4188-9B79-C692D24B701F}.Shipping|Win64.Build.0 = Shipping_Game|x64
	EndGlobalSection
	GlobalSection(SolutionProperties) = preSolution
		HideSolutionNode = FALSE
	EndGlobalSection
	GlobalSection(NestedProjects) = preSolution
		{384EA99B-EAC3-4577-AB38-B3F5CBFCA7E3} = {916019BA-C7EF-4D4A-8928-CBCB13C1DF5F}
		{459D7AE3-2B49-4188-9B79-C692D24B701F} = {50A7BCE1-5B2D-44CF-82CB-56D5EF899BCE}
	EndGlobalSection
	GlobalSection(ExtensibilityGlobals) = postSolution
		SolutionGuid = {3CA87E69-75C6-4C71-8133-2D26D2DD8209}
	EndGlobalSection
EndGlobal
